
Microsoft Visual Studio Solution File, Format Version 12.00
Project("{FAE04EC0-301F-11D3-BF4B-00C04F79EFBC}") = "KafkaVersionCompare", "KafkaVersionCompare\KafkaVersionCompare.csproj", "{58BE719F-4EE7-40A0-A45E-74A2C2D64289}"
EndProject
Project("{FAE04EC0-301F-11D3-BF4B-00C04F79EFBC}") = "KafkaVersionCompareTests", "KafkaVersionCompareTests\KafkaVersionCompareTests.csproj", "{C932887E-EF92-4992-8A77-A6F72D9F6ECF}"
EndProject
Global
	GlobalSection(SolutionConfigurationPlatforms) = preSolution
		Debug|Any CPU = Debug|Any CPU
		Release|Any CPU = Release|Any CPU
	EndGlobalSection
	GlobalSection(ProjectConfigurationPlatforms) = postSolution
		{58BE719F-4EE7-40A0-A45E-74A2C2D64289}.Debug|Any CPU.ActiveCfg = Debug|Any CPU
		{58BE719F-4EE7-40A0-A45E-74A2C2D64289}.Debug|Any CPU.Build.0 = Debug|Any CPU
		{58BE719F-4EE7-40A0-A45E-74A2C2D64289}.Release|Any CPU.ActiveCfg = Release|Any CPU
		{58BE719F-4EE7-40A0-A45E-74A2C2D64289}.Release|Any CPU.Build.0 = Release|Any CPU
		{C932887E-EF92-4992-8A77-A6F72D9F6ECF}.Debug|Any CPU.ActiveCfg = Debug|Any CPU
		{C932887E-EF92-4992-8A77-A6F72D9F6ECF}.Debug|Any CPU.Build.0 = Debug|Any CPU
		{C932887E-EF92-4992-8A77-A6F72D9F6ECF}.Release|Any CPU.ActiveCfg = Release|Any CPU
		{C932887E-EF92-4992-8A77-A6F72D9F6ECF}.Release|Any CPU.Build.0 = Release|Any CPU
	EndGlobalSection
EndGlobal
